
Microsoft Visual Studio Solution File, Format Version 12.00
# Visual Studio Version 17
VisualStudioVersion = 17.3.32901.215
MinimumVisualStudioVersion = 10.0.40219.1
Project("{8BC9CEB8-8B4A-11D0-8D11-00A0C91BC942}") = "TenMica", "TenMica\TenMica.vcxproj", "{9BCE64F0-F93A-4EA1-BC2F-7E6D2667AEBA}"
EndProject
Project("{FAE04EC0-301F-11D3-BF4B-00C04F79EFBC}") = "TenMicaTest", "TenMicaTest\TenMicaTest.csproj", "{2105B0DA-D273-44CB-BC38-5875F61A195F}"
EndProject
Global
	GlobalSection(SolutionConfigurationPlatforms) = preSolution
		Debug|ARM = Debug|ARM
		Debug|ARM64 = Debug|ARM64
		Debug|Win32 = Debug|Win32
		Debug|x64 = Debug|x64
		Debug|x86 = Debug|x86
		Release|ARM = Release|ARM
		Release|ARM64 = Release|ARM64
		Release|Win32 = Release|Win32
		Release|x64 = Release|x64
		Release|x86 = Release|x86
	EndGlobalSection
	GlobalSection(ProjectConfigurationPlatforms) = postSolution
		{9BCE64F0-F93A-4EA1-BC2F-7E6D2667AEBA}.Debug|ARM.ActiveCfg = Debug|ARM
		{9BCE64F0-F93A-4EA1-BC2F-7E6D2667AEBA}.Debug|ARM.Build.0 = Debug|ARM
		{9BCE64F0-F93A-4EA1-BC2F-7E6D2667AEBA}.Debug|ARM64.ActiveCfg = Debug|ARM64
		{9BCE64F0-F93A-4EA1-BC2F-7E6D2667AEBA}.Debug|ARM64.Build.0 = Debug|ARM64
		{9BCE64F0-F93A-4EA1-BC2F-7E6D2667AEBA}.Debug|Win32.ActiveCfg = Debug|Win32
		{9BCE64F0-F93A-4EA1-BC2F-7E6D2667AEBA}.Debug|Win32.Build.0 = Debug|Win32
		{9BCE64F0-F93A-4EA1-BC2F-7E6D2667AEBA}.Debug|x64.ActiveCfg = Debug|x64
		{9BCE64F0-F93A-4EA1-BC2F-7E6D2667AEBA}.Debug|x64.Build.0 = Debug|x64
		{9BCE64F0-F93A-4EA1-BC2F-7E6D2667AEBA}.Debug|x86.ActiveCfg = Debug|ARM
		{9BCE64F0-F93A-4EA1-BC2F-7E6D2667AEBA}.Debug|x86.Build.0 = Debug|ARM
		{9BCE64F0-F93A-4EA1-BC2F-7E6D2667AEBA}.Release|ARM.ActiveCfg = Release|ARM
		{9BCE64F0-F93A-4EA1-BC2F-7E6D2667AEBA}.Release|ARM.Build.0 = Release|ARM
		{9BCE64F0-F93A-4EA1-BC2F-7E6D2667AEBA}.Release|ARM64.ActiveCfg = Release|ARM64
		{9BCE64F0-F93A-4EA1-BC2F-7E6D2667AEBA}.Release|ARM64.Build.0 = Release|ARM64
		{9BCE64F0-F93A-4EA1-BC2F-7E6D2667AEBA}.Release|Win32.ActiveCfg = Release|Win32
		{9BCE64F0-F93A-4EA1-BC2F-7E6D2667AEBA}.Release|Win32.Build.0 = Release|Win32
		{9BCE64F0-F93A-4EA1-BC2F-7E6D2667AEBA}.Release|x64.ActiveCfg = Release|x64
		{9BCE64F0-F93A-4EA1-BC2F-7E6D2667AEBA}.Release|x64.Build.0 = Release|x64
		{9BCE64F0-F93A-4EA1-BC2F-7E6D2667AEBA}.Release|x86.ActiveCfg = Release|x64
		{2105B0DA-D273-44CB-BC38-5875F61A195F}.Debug|ARM.ActiveCfg = Debug|ARM
		{2105B0DA-D273-44CB-BC38-5875F61A195F}.Debug|ARM.Build.0 = Debug|ARM
		{2105B0DA-D273-44CB-BC38-5875F61A195F}.Debug|ARM.Deploy.0 = Debug|ARM
		{2105B0DA-D273-44CB-BC38-5875F61A195F}.Debug|ARM64.ActiveCfg = Debug|ARM64
		{2105B0DA-D273-44CB-BC38-5875F61A195F}.Debug|ARM64.Build.0 = Debug|ARM64
		{2105B0DA-D273-44CB-BC38-5875F61A195F}.Debug|ARM64.Deploy.0 = Debug|ARM64
		{2105B0DA-D273-44CB-BC38-5875F61A195F}.Debug|Win32.ActiveCfg = Debug|x86
		{2105B0DA-D273-44CB-BC38-5875F61A195F}.Debug|Win32.Build.0 = Debug|x86
		{2105B0DA-D273-44CB-BC38-5875F61A195F}.Debug|Win32.Deploy.0 = Debug|x86
		{2105B0DA-D273-44CB-BC38-5875F61A195F}.Debug|x64.ActiveCfg = Debug|x64
		{2105B0DA-D273-44CB-BC38-5875F61A195F}.Debug|x64.Build.0 = Debug|x64
		{2105B0DA-D273-44CB-BC38-5875F61A195F}.Debug|x64.Deploy.0 = Debug|x64
		{2105B0DA-D273-44CB-BC38-5875F61A195F}.Debug|x86.ActiveCfg = Debug|ARM
		{2105B0DA-D273-44CB-BC38-5875F61A195F}.Debug|x86.Build.0 = Debug|ARM
		{2105B0DA-D273-44CB-BC38-5875F61A195F}.Debug|x86.Deploy.0 = Debug|ARM
		{2105B0DA-D273-44CB-BC38-5875F61A195F}.Release|ARM.ActiveCfg = Release|ARM
		{2105B0DA-D273-44CB-BC38-5875F61A195F}.Release|ARM.Build.0 = Release|ARM
		{2105B0DA-D273-44CB-BC38-5875F61A195F}.Release|ARM.Deploy.0 = Release|ARM
		{2105B0DA-D273-44CB-BC38-5875F61A195F}.Release|ARM64.ActiveCfg = Release|ARM64
		{2105B0DA-D273-44CB-BC38-5875F61A195F}.Release|ARM64.Build.0 = Release|ARM64
		{2105B0DA-D273-44CB-BC38-5875F61A195F}.Release|ARM64.Deploy.0 = Release|ARM64
		{2105B0DA-D273-44CB-BC38-5875F61A195F}.Release|Win32.ActiveCfg = Release|x86
		{2105B0DA-D273-44CB-BC38-5875F61A195F}.Release|Win32.Build.0 = Release|x86
		{2105B0DA-D273-44CB-BC38-5875F61A195F}.Release|Win32.Deploy.0 = Release|x86
		{2105B0DA-D273-44CB-BC38-5875F61A195F}.Release|x64.ActiveCfg = Release|x64
		{2105B0DA-D273-44CB-BC38-5875F61A195F}.Release|x64.Build.0 = Release|x64
		{2105B0DA-D273-44CB-BC38-5875F61A195F}.Release|x64.Deploy.0 = Release|x64
		{2105B0DA-D273-44CB-BC38-5875F61A195F}.Release|x86.ActiveCfg = Release|x86
		{2105B0DA-D273-44CB-BC38-5875F61A195F}.Release|x86.Build.0 = Release|x86
		{2105B0DA-D273-44CB-BC38-5875F61A195F}.Release|x86.Deploy.0 = Release|x86
	EndGlobalSection
	GlobalSection(SolutionProperties) = preSolution
		HideSolutionNode = FALSE
	EndGlobalSection
	GlobalSection(ExtensibilityGlobals) = postSolution
		SolutionGuid = {EA01B875-6277-4DCE-A397-2248830E5965}
	EndGlobalSection
EndGlobal
